
Microsoft Visual Studio Solution File, Format Version 12.00
# Visual Studio Version 17
VisualStudioVersion = 17.2.32630.192
MinimumVisualStudioVersion = 10.0.40219.1
Project("{9A19103F-16F7-4668-BE54-9A1E7A4F7556}") = "BackEnd-Challenge-Alura", "BackEnd-Challenge-Alura\BackEnd-Challenge-Alura.csproj", "{8864E93E-E326-4952-882F-96B0B676BC9B}"
EndProject
Project("{2150E333-8FDC-42A3-9474-1A3956D46DE8}") = "Domain", "Domain", "{9458FE8D-0BD3-4F43-8059-B5C3EDA600B5}"
EndProject
Project("{9A19103F-16F7-4668-BE54-9A1E7A4F7556}") = "Domain", "Domain\Domain.csproj", "{916199AD-D522-4221-ADA9-74F50A7153FA}"
EndProject
Project("{2150E333-8FDC-42A3-9474-1A3956D46DE8}") = "Infra", "Infra", "{CBE3AA7C-A02F-419D-B26F-11239A5D670F}"
EndProject
Project("{9A19103F-16F7-4668-BE54-9A1E7A4F7556}") = "Infra", "Infra\Infra.csproj", "{C83FE424-C0FB-4096-A636-940C77B16082}"
EndProject
Project("{2150E333-8FDC-42A3-9474-1A3956D46DE8}") = "Services", "Services", "{6A5B50A4-2A7F-49D4-8E1C-7D92CCACAA8D}"
EndProject
Project("{9A19103F-16F7-4668-BE54-9A1E7A4F7556}") = "Services", "Services\Services.csproj", "{930979CD-2F9F-4667-A3D3-A095780F551B}"
EndProject
Project("{2150E333-8FDC-42A3-9474-1A3956D46DE8}") = "User", "User", "{A01783B4-4EE9-425E-84B8-4C6AA469B231}"
EndProject
Project("{2150E333-8FDC-42A3-9474-1A3956D46DE8}") = "UserDomain", "UserDomain", "{F1331DA6-B4E0-4351-A86C-DB24F8A755E7}"
EndProject
Project("{2150E333-8FDC-42A3-9474-1A3956D46DE8}") = "UserInfra", "UserInfra", "{528E81F6-8168-4708-BFEE-249228CF51EA}"
EndProject
Project("{2150E333-8FDC-42A3-9474-1A3956D46DE8}") = "UserServices", "UserServices", "{37C77713-BD81-415E-ACFD-EC01EDE72634}"
EndProject
Project("{FAE04EC0-301F-11D3-BF4B-00C04F79EFBC}") = "UserServices", "UserServices\UserServices.csproj", "{E1AAF2E4-CDAC-464B-B141-EA1EE561CE49}"
EndProject
Global
	GlobalSection(SolutionConfigurationPlatforms) = preSolution
		Debug|Any CPU = Debug|Any CPU
		Release|Any CPU = Release|Any CPU
	EndGlobalSection
	GlobalSection(ProjectConfigurationPlatforms) = postSolution
		{8864E93E-E326-4952-882F-96B0B676BC9B}.Debug|Any CPU.ActiveCfg = Debug|Any CPU
		{8864E93E-E326-4952-882F-96B0B676BC9B}.Debug|Any CPU.Build.0 = Debug|Any CPU
		{8864E93E-E326-4952-882F-96B0B676BC9B}.Release|Any CPU.ActiveCfg = Release|Any CPU
		{8864E93E-E326-4952-882F-96B0B676BC9B}.Release|Any CPU.Build.0 = Release|Any CPU
		{916199AD-D522-4221-ADA9-74F50A7153FA}.Debug|Any CPU.ActiveCfg = Debug|Any CPU
		{916199AD-D522-4221-ADA9-74F50A7153FA}.Debug|Any CPU.Build.0 = Debug|Any CPU
		{916199AD-D522-4221-ADA9-74F50A7153FA}.Release|Any CPU.ActiveCfg = Release|Any CPU
		{916199AD-D522-4221-ADA9-74F50A7153FA}.Release|Any CPU.Build.0 = Release|Any CPU
		{C83FE424-C0FB-4096-A636-940C77B16082}.Debug|Any CPU.ActiveCfg = Debug|Any CPU
		{C83FE424-C0FB-4096-A636-940C77B16082}.Debug|Any CPU.Build.0 = Debug|Any CPU
		{C83FE424-C0FB-4096-A636-940C77B16082}.Release|Any CPU.ActiveCfg = Release|Any CPU
		{C83FE424-C0FB-4096-A636-940C77B16082}.Release|Any CPU.Build.0 = Release|Any CPU
		{930979CD-2F9F-4667-A3D3-A095780F551B}.Debug|Any CPU.ActiveCfg = Debug|Any CPU
		{930979CD-2F9F-4667-A3D3-A095780F551B}.Debug|Any CPU.Build.0 = Debug|Any CPU
		{930979CD-2F9F-4667-A3D3-A095780F551B}.Release|Any CPU.ActiveCfg = Release|Any CPU
		{930979CD-2F9F-4667-A3D3-A095780F551B}.Release|Any CPU.Build.0 = Release|Any CPU
		{E1AAF2E4-CDAC-464B-B141-EA1EE561CE49}.Debug|Any CPU.ActiveCfg = Debug|Any CPU
		{E1AAF2E4-CDAC-464B-B141-EA1EE561CE49}.Debug|Any CPU.Build.0 = Debug|Any CPU
		{E1AAF2E4-CDAC-464B-B141-EA1EE561CE49}.Release|Any CPU.ActiveCfg = Release|Any CPU
		{E1AAF2E4-CDAC-464B-B141-EA1EE561CE49}.Release|Any CPU.Build.0 = Release|Any CPU
	EndGlobalSection
	GlobalSection(SolutionProperties) = preSolution
		HideSolutionNode = FALSE
	EndGlobalSection
	GlobalSection(NestedProjects) = preSolution
		{916199AD-D522-4221-ADA9-74F50A7153FA} = {9458FE8D-0BD3-4F43-8059-B5C3EDA600B5}
		{C83FE424-C0FB-4096-A636-940C77B16082} = {CBE3AA7C-A02F-419D-B26F-11239A5D670F}
		{930979CD-2F9F-4667-A3D3-A095780F551B} = {6A5B50A4-2A7F-49D4-8E1C-7D92CCACAA8D}
		{F1331DA6-B4E0-4351-A86C-DB24F8A755E7} = {A01783B4-4EE9-425E-84B8-4C6AA469B231}
		{528E81F6-8168-4708-BFEE-249228CF51EA} = {A01783B4-4EE9-425E-84B8-4C6AA469B231}
		{37C77713-BD81-415E-ACFD-EC01EDE72634} = {A01783B4-4EE9-425E-84B8-4C6AA469B231}
		{E1AAF2E4-CDAC-464B-B141-EA1EE561CE49} = {37C77713-BD81-415E-ACFD-EC01EDE72634}
	EndGlobalSection
	GlobalSection(ExtensibilityGlobals) = postSolution
		SolutionGuid = {C03C02D0-3D7F-41DA-B1AD-F81042994D0E}
	EndGlobalSection
EndGlobal
